
Microsoft Visual Studio Solution File, Format Version 12.00
# Visual Studio Version 16
VisualStudioVersion = 16.0.30114.105
MinimumVisualStudioVersion = 10.0.40219.1
Project("{FAE04EC0-301F-11D3-BF4B-00C04F79EFBC}") = "TargetGame.Cli", "src\TargetGame.Cli\TargetGame.Cli.csproj", "{9D6079AC-6489-4FDE-86AE-CC023E541067}"
EndProject
Project("{2150E333-8FDC-42A3-9474-1A3956D46DE8}") = "src", "src", "{EF057D82-0B44-4A8F-AA00-4829D03DF8E0}"
EndProject
Project("{FAE04EC0-301F-11D3-BF4B-00C04F79EFBC}") = "TargetGame.Jumble", "src\TargetGame.Jumble\TargetGame.Jumble.csproj", "{B238F200-0B91-47AD-A501-27049BCB6C80}"
EndProject
Project("{FAE04EC0-301F-11D3-BF4B-00C04F79EFBC}") = "TargetGame.Domain", "src\TargetGame.Domain\TargetGame.Domain.csproj", "{8BEFD116-68AD-45FA-950E-833AC6848822}"
EndProject
Global
	GlobalSection(SolutionConfigurationPlatforms) = preSolution
		Debug|Any CPU = Debug|Any CPU
		Release|Any CPU = Release|Any CPU
	EndGlobalSection
	GlobalSection(SolutionProperties) = preSolution
		HideSolutionNode = FALSE
	EndGlobalSection
	GlobalSection(ProjectConfigurationPlatforms) = postSolution
		{9D6079AC-6489-4FDE-86AE-CC023E541067}.Debug|Any CPU.ActiveCfg = Debug|Any CPU
		{9D6079AC-6489-4FDE-86AE-CC023E541067}.Debug|Any CPU.Build.0 = Debug|Any CPU
		{9D6079AC-6489-4FDE-86AE-CC023E541067}.Release|Any CPU.ActiveCfg = Release|Any CPU
		{9D6079AC-6489-4FDE-86AE-CC023E541067}.Release|Any CPU.Build.0 = Release|Any CPU
		{B238F200-0B91-47AD-A501-27049BCB6C80}.Debug|Any CPU.ActiveCfg = Debug|Any CPU
		{B238F200-0B91-47AD-A501-27049BCB6C80}.Debug|Any CPU.Build.0 = Debug|Any CPU
		{B238F200-0B91-47AD-A501-27049BCB6C80}.Release|Any CPU.ActiveCfg = Release|Any CPU
		{B238F200-0B91-47AD-A501-27049BCB6C80}.Release|Any CPU.Build.0 = Release|Any CPU
		{8BEFD116-68AD-45FA-950E-833AC6848822}.Debug|Any CPU.ActiveCfg = Debug|Any CPU
		{8BEFD116-68AD-45FA-950E-833AC6848822}.Debug|Any CPU.Build.0 = Debug|Any CPU
		{8BEFD116-68AD-45FA-950E-833AC6848822}.Release|Any CPU.ActiveCfg = Release|Any CPU
		{8BEFD116-68AD-45FA-950E-833AC6848822}.Release|Any CPU.Build.0 = Release|Any CPU
	EndGlobalSection
	GlobalSection(NestedProjects) = preSolution
		{9D6079AC-6489-4FDE-86AE-CC023E541067} = {EF057D82-0B44-4A8F-AA00-4829D03DF8E0}
		{B238F200-0B91-47AD-A501-27049BCB6C80} = {EF057D82-0B44-4A8F-AA00-4829D03DF8E0}
		{8BEFD116-68AD-45FA-950E-833AC6848822} = {EF057D82-0B44-4A8F-AA00-4829D03DF8E0}
	EndGlobalSection
EndGlobal
